
Microsoft Visual Studio Solution File, Format Version 12.00
# Visual Studio Version 17
VisualStudioVersion = 17.3.32708.82
MinimumVisualStudioVersion = 10.0.40219.1
Project("{FAE04EC0-301F-11D3-BF4B-00C04F79EFBC}") = "SerilogDiscordSink", "SerilogDiscordSink\SerilogDiscordSink.csproj", "{8E92F7F0-ED8B-455B-B7A3-2C3CBDC85936}"
EndProject
Project("{FAE04EC0-301F-11D3-BF4B-00C04F79EFBC}") = "SerilogDiscordSink.Demo", "SerilogDiscordSink.Demo\SerilogDiscordSink.Demo.csproj", "{99FC8289-1A69-4D99-B0AF-1EC02E4250BA}"
EndProject
Global
	GlobalSection(SolutionConfigurationPlatforms) = preSolution
		Debug|Any CPU = Debug|Any CPU
		Release|Any CPU = Release|Any CPU
	EndGlobalSection
	GlobalSection(ProjectConfigurationPlatforms) = postSolution
		{8E92F7F0-ED8B-455B-B7A3-2C3CBDC85936}.Debug|Any CPU.ActiveCfg = Debug|Any CPU
		{8E92F7F0-ED8B-455B-B7A3-2C3CBDC85936}.Debug|Any CPU.Build.0 = Debug|Any CPU
		{8E92F7F0-ED8B-455B-B7A3-2C3CBDC85936}.Release|Any CPU.ActiveCfg = Release|Any CPU
		{8E92F7F0-ED8B-455B-B7A3-2C3CBDC85936}.Release|Any CPU.Build.0 = Release|Any CPU
		{99FC8289-1A69-4D99-B0AF-1EC02E4250BA}.Debug|Any CPU.ActiveCfg = Debug|Any CPU
		{99FC8289-1A69-4D99-B0AF-1EC02E4250BA}.Debug|Any CPU.Build.0 = Debug|Any CPU
		{99FC8289-1A69-4D99-B0AF-1EC02E4250BA}.Release|Any CPU.ActiveCfg = Release|Any CPU
		{99FC8289-1A69-4D99-B0AF-1EC02E4250BA}.Release|Any CPU.Build.0 = Release|Any CPU
	EndGlobalSection
	GlobalSection(SolutionProperties) = preSolution
		HideSolutionNode = FALSE
	EndGlobalSection
	GlobalSection(ExtensibilityGlobals) = postSolution
		SolutionGuid = {528CCE27-9A82-4669-AB23-315E61B40F48}
	EndGlobalSection
EndGlobal
